
Microsoft Visual Studio Solution File, Format Version 12.00
# Visual Studio 15
VisualStudioVersion = 15.0.27004.2009
MinimumVisualStudioVersion = 10.0.40219.1
Project("{8BC9CEB8-8B4A-11D0-8D11-00A0C91BC942}") = "classic99", "classic99.vcxproj", "{CD39BEDB-A5B4-427D-9C21-3078DF1026CE}"
EndProject
Global
	GlobalSection(SolutionConfigurationPlatforms) = preSolution
		Debug|Win32 = Debug|Win32
		Release|Win32 = Release|Win32
	EndGlobalSection
	GlobalSection(ProjectConfigurationPlatforms) = postSolution
		{CD39BEDB-A5B4-427D-9C21-3078DF1026CE}.Debug|Win32.ActiveCfg = Debug|Win32
		{CD39BEDB-A5B4-427D-9C21-3078DF1026CE}.Debug|Win32.Build.0 = Debug|Win32
		{CD39BEDB-A5B4-427D-9C21-3078DF1026CE}.Release|Win32.ActiveCfg = Release|Win32
		{CD39BEDB-A5B4-427D-9C21-3078DF1026CE}.Release|Win32.Build.0 = Release|Win32
	EndGlobalSection
	GlobalSection(SolutionProperties) = preSolution
		HideSolutionNode = FALSE
	EndGlobalSection
	GlobalSection(ExtensibilityGlobals) = postSolution
		SolutionGuid = {7E99FFDF-B387-42C9-9B2E-5C8146FA391B}
	EndGlobalSection
EndGlobal
