<?xml version="1.0" encoding="utf-8"?>
<Project ToolsVersion="4.0" xmlns="http://schemas.microsoft.com/developer/msbuild/2003">
  <ItemGroup>
    <Filter Include="Source Files">
      <UniqueIdentifier>{aa98c750-0e13-4c92-b7a9-86416c7680c3}</UniqueIdentifier>
      <Extensions>cpp;c;cxx;rc;def;r;odl;idl;hpj;bat</Extensions>
    </Filter>
    <Filter Include="Header Files">
      <UniqueIdentifier>{e9311e9b-e06c-4f15-9daa-f80522434d53}</UniqueIdentifier>
      <Extensions>h;hpp;hxx;hm;inl</Extensions>
    </Filter>
    <Filter Include="Resource Files">
      <UniqueIdentifier>{4cf4cc48-815e-46dd-ae85-89ab6c2e5e03}</UniqueIdentifier>
      <Extensions>ico;cur;bmp;dlg;rc2;rct;bin;rgs;gif;jpg;jpeg;jpe</Extensions>
    </Filter>
  </ItemGroup>
  <ItemGroup>
    <ClCompile Include="SpeechDll.cpp">
      <Filter>Source Files</Filter>
    </ClCompile>
    <ClCompile Include="StdAfx.cpp">
      <Filter>Source Files</Filter>
    </ClCompile>
    <ClCompile Include="tms5220.cpp">
      <Filter>Source Files</Filter>
    </ClCompile>
    <ClCompile Include="spchrom.cpp">
      <Filter>Source Files</Filter>
    </ClCompile>
  </ItemGroup>
  <ItemGroup>
    <ClInclude Include="StdAfx.h">
      <Filter>Header Files</Filter>
    </ClInclude>
    <ClInclude Include="tms5220.h">
      <Filter>Header Files</Filter>
    </ClInclude>
    <ClInclude Include="tms5110r.hxx">
      <Filter>Header Files</Filter>
    </ClInclude>
    <ClInclude Include="spchrom.h">
      <Filter>Header Files</Filter>
    </ClInclude>
    <ClInclude Include="mame_wannabe.h">
      <Filter>Header Files</Filter>
    </ClInclude>
  </ItemGroup>
  <ItemGroup>
    <None Include="speechdll.def">
      <Filter>Header Files</Filter>
    </None>
  </ItemGroup>
</Project>