<?xml version="1.0" encoding="utf-8"?>
<Project ToolsVersion="4.0" xmlns="http://schemas.microsoft.com/developer/msbuild/2003">
  <ItemGroup>
    <Filter Include="Source Files">
      <UniqueIdentifier>{344f53de-3f1a-4e94-9a52-600d7f7073ff}</UniqueIdentifier>
      <Extensions>cpp;c;cxx;rc;def;r;odl;idl;hpj;bat</Extensions>
    </Filter>
    <Filter Include="Header Files">
      <UniqueIdentifier>{46e5f3b0-8be0-44be-8a34-15a47d7addef}</UniqueIdentifier>
      <Extensions>h;hpp;hxx;hm;inl</Extensions>
    </Filter>
  </ItemGroup>
  <ItemGroup>
    <ClCompile Include="spchroms.cpp">
      <Filter>Source Files</Filter>
    </ClCompile>
    <ClCompile Include="SpeechDll.cpp">
      <Filter>Source Files</Filter>
    </ClCompile>
    <ClCompile Include="StdAfx.cpp">
      <Filter>Source Files</Filter>
    </ClCompile>
    <ClCompile Include="tms5220.cpp">
      <Filter>Source Files</Filter>
    </ClCompile>
    <ClCompile Include="tms5220r.cpp">
      <Filter>Source Files</Filter>
    </ClCompile>
    <ClCompile Include="tms5110.c">
      <Filter>Source Files</Filter>
    </ClCompile>
    <ClCompile Include="tms5110r.c">
      <Filter>Source Files</Filter>
    </ClCompile>
  </ItemGroup>
  <ItemGroup>
    <ClInclude Include="spchroms.h">
      <Filter>Header Files</Filter>
    </ClInclude>
    <ClInclude Include="StdAfx.h">
      <Filter>Header Files</Filter>
    </ClInclude>
    <ClInclude Include="tms5220.h">
      <Filter>Header Files</Filter>
    </ClInclude>
    <ClInclude Include="mame_interface.h">
      <Filter>Header Files</Filter>
    </ClInclude>
    <ClInclude Include="tms5110.h">
      <Filter>Header Files</Filter>
    </ClInclude>
  </ItemGroup>
  <ItemGroup>
    <None Include="speechdll.def">
      <Filter>Header Files</Filter>
    </None>
  </ItemGroup>
</Project>