<?xml version="1.0" encoding="utf-8"?>
<Project ToolsVersion="4.0" xmlns="http://schemas.microsoft.com/developer/msbuild/2003">
  <ItemGroup>
    <Filter Include="Source Files">
      <UniqueIdentifier>{4FC737F1-C7A5-4376-A066-2A32D752A2FF}</UniqueIdentifier>
      <Extensions>cpp;c;cc;cxx;def;odl;idl;hpj;bat;asm;asmx</Extensions>
    </Filter>
    <Filter Include="Header Files">
      <UniqueIdentifier>{93995380-89BD-4b04-88EB-625FBE52EBFB}</UniqueIdentifier>
      <Extensions>h;hh;hpp;hxx;hm;inl;inc;xsd</Extensions>
    </Filter>
    <Filter Include="Resource Files">
      <UniqueIdentifier>{67DA6AB6-F800-4c08-8B7A-83BB121AAD01}</UniqueIdentifier>
      <Extensions>rc;ico;cur;bmp;dlg;rc2;rct;bin;rgs;gif;jpg;jpeg;jpe;resx;tiff;tif;png;wav;mfcribbon-ms</Extensions>
    </Filter>
  </ItemGroup>
  <ItemGroup>
    <ClInclude Include="resource.h">
      <Filter>Header Files</Filter>
    </ClInclude>
    <ClInclude Include="cartpack.h">
      <Filter>Header Files</Filter>
    </ClInclude>
  </ItemGroup>
  <ItemGroup>
    <ClCompile Include="cartpack.c">
      <Filter>Source Files</Filter>
    </ClCompile>
  </ItemGroup>
  <ItemGroup>
    <None Include="roms\ALPINERC.BIN">
      <Filter>Resource Files</Filter>
    </None>
    <None Include="roms\AMAZEG.BIN">
      <Filter>Resource Files</Filter>
    </None>
    <None Include="roms\ALPINERG.BIN">
      <Filter>Resource Files</Filter>
    </None>
    <None Include="roms\CarWarsG.Bin">
      <Filter>Resource Files</Filter>
    </None>
    <None Include="roms\BlakjakG.Bin">
      <Filter>Resource Files</Filter>
    </None>
    <None Include="roms\ChishlmG.Bin">
      <Filter>Resource Files</Filter>
    </None>
    <None Include="roms\ChishlmC.Bin">
      <Filter>Resource Files</Filter>
    </None>
    <None Include="roms\V-CHESSG.BIN">
      <Filter>Resource Files</Filter>
    </None>
    <None Include="roms\V-CHESSC.BIN">
      <Filter>Resource Files</Filter>
    </None>
    <None Include="roms\PARSECG.BIN">
      <Filter>Resource Files</Filter>
    </None>
    <None Include="roms\PARSECC.BIN">
      <Filter>Resource Files</Filter>
    </None>
    <None Include="roms\MunchMnG.Bin">
      <Filter>Resource Files</Filter>
    </None>
    <None Include="roms\MunchMnC.Bin">
      <Filter>Resource Files</Filter>
    </None>
    <None Include="roms\MiniMemG.Bin">
      <Filter>Resource Files</Filter>
    </None>
    <None Include="roms\MiniMemC.Bin">
      <Filter>Resource Files</Filter>
    </None>
    <None Include="roms\MinChalG.Bin">
      <Filter>Resource Files</Filter>
    </None>
    <None Include="roms\LOGOG.BIN">
      <Filter>Resource Files</Filter>
    </None>
    <None Include="roms\LOGOC.BIN">
      <Filter>Resource Files</Filter>
    </None>
    <None Include="roms\HustleG.Bin">
      <Filter>Resource Files</Filter>
    </None>
    <None Include="roms\HomFDecG.Bin">
      <Filter>Resource Files</Filter>
    </None>
    <None Include="roms\FootbalG.Bin">
      <Filter>Resource Files</Filter>
    </None>
    <None Include="roms\fbForth200_9.bin">
      <Filter>Resource Files</Filter>
    </None>
    <None Include="roms\EPSGMODG.BIN">
      <Filter>Resource Files</Filter>
    </None>
    <None Include="roms\EA_Utils.bin">
      <Filter>Resource Files</Filter>
    </None>
    <None Include="roms\mm2\DummyG.bin">
      <Filter>Resource Files</Filter>
    </None>
    <None Include="roms\DiagnosG.Bin">
      <Filter>Resource Files</Filter>
    </None>
    <None Include="roms\DEMQ" />
    <None Include="roms\DEMOG.BIN">
      <Filter>Resource Files</Filter>
    </None>
    <None Include="roms\RXBG.Bin">
      <Filter>Resource Files</Filter>
    </None>
    <None Include="roms\RXBD.Bin">
      <Filter>Resource Files</Filter>
    </None>
    <None Include="roms\RXBC.Bin">
      <Filter>Resource Files</Filter>
    </None>
    <None Include="roms\TE-IIG.BIN">
      <Filter>Resource Files</Filter>
    </None>
    <None Include="roms\TE-IIC.BIN">
      <Filter>Resource Files</Filter>
    </None>
    <None Include="roms\ssaram.bin">
      <Filter>Resource Files</Filter>
    </None>
    <None Include="roms\SSALOAD.BIN">
      <Filter>Resource Files</Filter>
    </None>
    <None Include="roms\XB27_ROM_060315.bin">
      <Filter>Resource Files</Filter>
    </None>
    <None Include="roms\XB27_GROM_060315.bin">
      <Filter>Resource Files</Filter>
    </None>
    <None Include="roms\XB27_EEPROM_060315.bin">
      <Filter>Resource Files</Filter>
    </None>
    <None Include="roms\WUMPUSG.BIN">
      <Filter>Resource Files</Filter>
    </None>
    <None Include="roms\TurboForthD.BIN">
      <Filter>Resource Files</Filter>
    </None>
    <None Include="roms\TurboForthC.BIN">
      <Filter>Resource Files</Filter>
    </None>
    <None Include="roms\TunDoomG.Bin">
      <Filter>Resource Files</Filter>
    </None>
    <None Include="roms\TOMBCITG.BIN">
      <Filter>Resource Files</Filter>
    </None>
    <None Include="roms\TOMBCITC.BIN">
      <Filter>Resource Files</Filter>
    </None>
    <None Include="roms\tiworkshop379.bin">
      <Filter>Resource Files</Filter>
    </None>
    <None Include="roms\TIPlayerC.BIN">
      <Filter>Resource Files</Filter>
    </None>
    <None Include="roms\mm2\timusif" />
    <None Include="roms\mm2\timusie" />
    <None Include="roms\mm2\timusid" />
    <None Include="roms\mm2\timusic" />
    <None Include="roms\mm2\TIMM2PIC_P" />
    <None Include="roms\mm2\TIMM2PIC_C" />
    <None Include="roms\TI-InvaG.Bin">
      <Filter>Resource Files</Filter>
    </None>
    <None Include="roms\TI-InvaC.Bin">
      <Filter>Resource Files</Filter>
    </None>
    <None Include="roms\TIEXTG.BIN">
      <Filter>Resource Files</Filter>
    </None>
    <None Include="roms\TIEXTD.BIN">
      <Filter>Resource Files</Filter>
    </None>
    <None Include="roms\TIEXTC.BIN">
      <Filter>Resource Files</Filter>
    </None>
    <None Include="roms\TIEAG.BIN">
      <Filter>Resource Files</Filter>
    </None>
    <None Include="cartpack.def">
      <Filter>Source Files</Filter>
    </None>
    <None Include="roms\ACERC.bin">
      <Filter>Resource Files</Filter>
    </None>
    <None Include="roms\SSE.BIN">
      <Filter>Resource Files</Filter>
    </None>
    <None Include="roms\SSD.BIN">
      <Filter>Resource Files</Filter>
    </None>
    <None Include="roms\QUEST" />
    <None Include="roms\PENNIES" />
    <None Include="roms\EDIT1.BIN">
      <Filter>Resource Files</Filter>
    </None>
    <None Include="roms\ASSM2.bin">
      <Filter>Resource Files</Filter>
    </None>
    <None Include="roms\ASSM1.bin">
      <Filter>Resource Files</Filter>
    </None>
    <None Include="roms\ACERP.bin">
      <Filter>Resource Files</Filter>
    </None>
    <None Include="roms\p1f00g_0000_f800.GRM" />
    <None Include="roms\PCardD.ROM" />
    <None Include="roms\PCardC.ROM" />
  </ItemGroup>
  <ItemGroup>
    <ResourceCompile Include="cartpack.rc">
      <Filter>Resource Files</Filter>
    </ResourceCompile>
  </ItemGroup>
</Project>